// !$*UTF8*$!
{
	archiveVersion = 1;
	classes = {
	};
	objectVersion = 56;
	objects = {

/* Begin PBXBuildFile section */
		18C6E4DF28EEA6F8002B7100 /* AppDelegate.swift in Sources */ = {isa = PBXBuildFile; fileRef = 18C6E4DE28EEA6F8002B7100 /* AppDelegate.swift */; };
		18C6E4E128EEA6F8002B7100 /* SceneDelegate.swift in Sources */ = {isa = PBXBuildFile; fileRef = 18C6E4E028EEA6F8002B7100 /* SceneDelegate.swift */; };
		18C6E4E328EEA6F8002B7100 /* ViewController.swift in Sources */ = {isa = PBXBuildFile; fileRef = 18C6E4E228EEA6F8002B7100 /* ViewController.swift */; };
		18C6E4E628EEA6F8002B7100 /* Main.storyboard in Resources */ = {isa = PBXBuildFile; fileRef = 18C6E4E428EEA6F8002B7100 /* Main.storyboard */; };
		18C6E4E828EEA6FA002B7100 /* Assets.xcassets in Resources */ = {isa = PBXBuildFile; fileRef = 18C6E4E728EEA6FA002B7100 /* Assets.xcassets */; };
		18C6E4EB28EEA6FA002B7100 /* LaunchScreen.storyboard in Resources */ = {isa = PBXBuildFile; fileRef = 18C6E4E928EEA6FA002B7100 /* LaunchScreen.storyboard */; };
		18C6E4F628EEA6FB002B7100 /* basicCalculatorTests.swift in Sources */ = {isa = PBXBuildFile; fileRef = 18C6E4F528EEA6FB002B7100 /* basicCalculatorTests.swift */; };
		18C6E50028EEA6FB002B7100 /* basicCalculatorUITests.swift in Sources */ = {isa = PBXBuildFile; fileRef = 18C6E4FF28EEA6FB002B7100 /* basicCalculatorUITests.swift */; };
		18C6E50228EEA6FB002B7100 /* basicCalculatorUITestsLaunchTests.swift in Sources */ = {isa = PBXBuildFile; fileRef = 18C6E50128EEA6FB002B7100 /* basicCalculatorUITestsLaunchTests.swift */; };
/* End PBXBuildFile section */

/* Begin PBXContainerItemProxy section */
		18C6E4F228EEA6FB002B7100 /* PBXContainerItemProxy */ = {
			isa = PBXContainerItemProxy;
			containerPortal = 18C6E4D328EEA6F8002B7100 /* Project object */;
			proxyType = 1;
			remoteGlobalIDString = 18C6E4DA28EEA6F8002B7100;
			remoteInfo = basicCalculator;
		};
		18C6E4FC28EEA6FB002B7100 /* PBXContainerItemProxy */ = {
			isa = PBXContainerItemProxy;
			containerPortal = 18C6E4D328EEA6F8002B7100 /* Project object */;
			proxyType = 1;
			remoteGlobalIDString = 18C6E4DA28EEA6F8002B7100;
			remoteInfo = basicCalculator;
		};
/* End PBXContainerItemProxy section */

/* Begin PBXFileReference section */
		18C6E4DB28EEA6F8002B7100 /* basicCalculator.app */ = {isa = PBXFileReference; explicitFileType = wrapper.application; includeInIndex = 0; path = basicCalculator.app; sourceTree = BUILT_PRODUCTS_DIR; };
		18C6E4DE28EEA6F8002B7100 /* AppDelegate.swift */ = {isa = PBXFileReference; lastKnownFileType = sourcecode.swift; path = AppDelegate.swift; sourceTree = "<group>"; };
		18C6E4E028EEA6F8002B7100 /* SceneDelegate.swift */ = {isa = PBXFileReference; lastKnownFileType = sourcecode.swift; path = SceneDelegate.swift; sourceTree = "<group>"; };
		18C6E4E228EEA6F8002B7100 /* ViewController.swift */ = {isa = PBXFileReference; lastKnownFileType = sourcecode.swift; path = ViewController.swift; sourceTree = "<group>"; };
		18C6E4E528EEA6F8002B7100 /* Base */ = {isa = PBXFileReference; lastKnownFileType = file.storyboard; name = Base; path = Base.lproj/Main.storyboard; sourceTree = "<group>"; };
		18C6E4E728EEA6FA002B7100 /* Assets.xcassets */ = {isa = PBXFileReference; lastKnownFileType = folder.assetcatalog; path = Assets.xcassets; sourceTree = "<group>"; };
		18C6E4EA28EEA6FA002B7100 /* Base */ = {isa = PBXFileReference; lastKnownFileType = file.storyboard; name = Base; path = Base.lproj/LaunchScreen.storyboard; sourceTree = "<group>"; };
		18C6E4EC28EEA6FA002B7100 /* Info.plist */ = {isa = PBXFileReference; lastKnownFileType = text.plist.xml; path = Info.plist; sourceTree = "<group>"; };
		18C6E4F128EEA6FB002B7100 /* basicCalculatorTests.xctest */ = {isa = PBXFileReference; explicitFileType = wrapper.cfbundle; includeInIndex = 0; path = basicCalculatorTests.xctest; sourceTree = BUILT_PRODUCTS_DIR; };
		18C6E4F528EEA6FB002B7100 /* basicCalculatorTests.swift */ = {isa = PBXFileReference; lastKnownFileType = sourcecode.swift; path = basicCalculatorTests.swift; sourceTree = "<group>"; };
		18C6E4FB28EEA6FB002B7100 /* basicCalculatorUITests.xctest */ = {isa = PBXFileReference; explicitFileType = wrapper.cfbundle; includeInIndex = 0; path = basicCalculatorUITests.xctest; sourceTree = BUILT_PRODUCTS_DIR; };
		18C6E4FF28EEA6FB002B7100 /* basicCalculatorUITests.swift */ = {isa = PBXFileReference; lastKnownFileType = sourcecode.swift; path = basicCalculatorUITests.swift; sourceTree = "<group>"; };
		18C6E50128EEA6FB002B7100 /* basicCalculatorUITestsLaunchTests.swift */ = {isa = PBXFileReference; lastKnownFileType = sourcecode.swift; path = basicCalculatorUITestsLaunchTests.swift; sourceTree = "<group>"; };
/* End PBXFileReference section */

/* Begin PBXFrameworksBuildPhase section */
		18C6E4D828EEA6F8002B7100 /* Frameworks */ = {
			isa = PBXFrameworksBuildPhase;
			buildActionMask = 2147483647;
			files = (
			);
			runOnlyForDeploymentPostprocessing = 0;
		};
		18C6E4EE28EEA6FB002B7100 /* Frameworks */ = {
			isa = PBXFrameworksBuildPhase;
			buildActionMask = 2147483647;
			files = (
			);
			runOnlyForDeploymentPostprocessing = 0;
		};
		18C6E4F828EEA6FB002B7100 /* Frameworks */ = {
			isa = PBXFrameworksBuildPhase;
			buildActionMask = 2147483647;
			files = (
			);
			runOnlyForDeploymentPostprocessing = 0;
		};
/* End PBXFrameworksBuildPhase section */

/* Begin PBXGroup section */
		18C6E4D228EEA6F8002B7100 = {
			isa = PBXGroup;
			children = (
				18C6E4DD28EEA6F8002B7100 /* basicCalculator */,
				18C6E4F428EEA6FB002B7100 /* basicCalculatorTests */,
				18C6E4FE28EEA6FB002B7100 /* basicCalculatorUITests */,
				18C6E4DC28EEA6F8002B7100 /* Products */,
			);
			sourceTree = "<group>";
		};
		18C6E4DC28EEA6F8002B7100 /* Products */ = {
			isa = PBXGroup;
			children = (
				18C6E4DB28EEA6F8002B7100 /* basicCalculator.app */,
				18C6E4F128EEA6FB002B7100 /* basicCalculatorTests.xctest */,
				18C6E4FB28EEA6FB002B7100 /* basicCalculatorUITests.xctest */,
			);
			name = Products;
			sourceTree = "<group>";
		};
		18C6E4DD28EEA6F8002B7100 /* basicCalculator */ = {
			isa = PBXGroup;
			children = (
				18C6E4DE28EEA6F8002B7100 /* AppDelegate.swift */,
				18C6E4E028EEA6F8002B7100 /* SceneDelegate.swift */,
				18C6E4E228EEA6F8002B7100 /* ViewController.swift */,
				18C6E4E428EEA6F8002B7100 /* Main.storyboard */,
				18C6E4E728EEA6FA002B7100 /* Assets.xcassets */,
				18C6E4E928EEA6FA002B7100 /* LaunchScreen.storyboard */,
				18C6E4EC28EEA6FA002B7100 /* Info.plist */,
			);
			path = basicCalculator;
			sourceTree = "<group>";
		};
		18C6E4F428EEA6FB002B7100 /* basicCalculatorTests */ = {
			isa = PBXGroup;
			children = (
				18C6E4F528EEA6FB002B7100 /* basicCalculatorTests.swift */,
			);
			path = basicCalculatorTests;
			sourceTree = "<group>";
		};
		18C6E4FE28EEA6FB002B7100 /* basicCalculatorUITests */ = {
			isa = PBXGroup;
			children = (
				18C6E4FF28EEA6FB002B7100 /* basicCalculatorUITests.swift */,
				18C6E50128EEA6FB002B7100 /* basicCalculatorUITestsLaunchTests.swift */,
			);
			path = basicCalculatorUITests;
			sourceTree = "<group>";
		};
/* End PBXGroup section */

/* Begin PBXNativeTarget section */
		18C6E4DA28EEA6F8002B7100 /* basicCalculator */ = {
			isa = PBXNativeTarget;
			buildConfigurationList = 18C6E50528EEA6FB002B7100 /* Build configuration list for PBXNativeTarget "basicCalculator" */;
			buildPhases = (
				18C6E4D728EEA6F8002B7100 /* Sources */,
				18C6E4D828EEA6F8002B7100 /* Frameworks */,
				18C6E4D928EEA6F8002B7100 /* Resources */,
			);
			buildRules = (
			);
			dependencies = (
			);
			name = basicCalculator;
			productName = basicCalculator;
			productReference = 18C6E4DB28EEA6F8002B7100 /* basicCalculator.app */;
			productType = "com.apple.product-type.application";
		};
		18C6E4F028EEA6FB002B7100 /* basicCalculatorTests */ = {
			isa = PBXNativeTarget;
			buildConfigurationList = 18C6E50828EEA6FB002B7100 /* Build configuration list for PBXNativeTarget "basicCalculatorTests" */;
			buildPhases = (
				18C6E4ED28EEA6FB002B7100 /* Sources */,
				18C6E4EE28EEA6FB002B7100 /* Frameworks */,
				18C6E4EF28EEA6FB002B7100 /* Resources */,
			);
			buildRules = (
			);
			dependencies = (
				18C6E4F328EEA6FB002B7100 /* PBXTargetDependency */,
			);
			name = basicCalculatorTests;
			productName = basicCalculatorTests;
			productReference = 18C6E4F128EEA6FB002B7100 /* basicCalculatorTests.xctest */;
			productType = "com.apple.product-type.bundle.unit-test";
		};
		18C6E4FA28EEA6FB002B7100 /* basicCalculatorUITests */ = {
			isa = PBXNativeTarget;
			buildConfigurationList = 18C6E50B28EEA6FB002B7100 /* Build configuration list for PBXNativeTarget "basicCalculatorUITests" */;
			buildPhases = (
				18C6E4F728EEA6FB002B7100 /* Sources */,
				18C6E4F828EEA6FB002B7100 /* Frameworks */,
				18C6E4F928EEA6FB002B7100 /* Resources */,
			);
			buildRules = (
			);
			dependencies = (
				18C6E4FD28EEA6FB002B7100 /* PBXTargetDependency */,
			);
			name = basicCalculatorUITests;
			productName = basicCalculatorUITests;
			productReference = 18C6E4FB28EEA6FB002B7100 /* basicCalculatorUITests.xctest */;
			productType = "com.apple.product-type.bundle.ui-testing";
		};
/* End PBXNativeTarget section */

/* Begin PBXProject section */
		18C6E4D328EEA6F8002B7100 /* Project object */ = {
			isa = PBXProject;
			attributes = {
				BuildIndependentTargetsInParallel = 1;
				LastSwiftUpdateCheck = 1400;
				LastUpgradeCheck = 1400;
				TargetAttributes = {
					18C6E4DA28EEA6F8002B7100 = {
						CreatedOnToolsVersion = 14.0;
					};
					18C6E4F028EEA6FB002B7100 = {
						CreatedOnToolsVersion = 14.0;
						TestTargetID = 18C6E4DA28EEA6F8002B7100;
					};
					18C6E4FA28EEA6FB002B7100 = {
						CreatedOnToolsVersion = 14.0;
						TestTargetID = 18C6E4DA28EEA6F8002B7100;
					};
				};
			};
			buildConfigurationList = 18C6E4D628EEA6F8002B7100 /* Build configuration list for PBXProject "basicCalculator" */;
			compatibilityVersion = "Xcode 14.0";
			developmentRegion = en;
			hasScannedForEncodings = 0;
			knownRegions = (
				en,
				Base,
			);
			mainGroup = 18C6E4D228EEA6F8002B7100;
			productRefGroup = 18C6E4DC28EEA6F8002B7100 /* Products */;
			projectDirPath = "";
			projectRoot = "";
			targets = (
				18C6E4DA28EEA6F8002B7100 /* basicCalculator */,
				18C6E4F028EEA6FB002B7100 /* basicCalculatorTests */,
				18C6E4FA28EEA6FB002B7100 /* basicCalculatorUITests */,
			);
		};
/* End PBXProject section */

/* Begin PBXResourcesBuildPhase section */
		18C6E4D928EEA6F8002B7100 /* Resources */ = {
			isa = PBXResourcesBuildPhase;
			buildActionMask = 2147483647;
			files = (
				18C6E4EB28EEA6FA002B7100 /* LaunchScreen.storyboard in Resources */,
				18C6E4E828EEA6FA002B7100 /* Assets.xcassets in Resources */,
				18C6E4E628EEA6F8002B7100 /* Main.storyboard in Resources */,
			);
			runOnlyForDeploymentPostprocessing = 0;
		};
		18C6E4EF28EEA6FB002B7100 /* Resources */ = {
			isa = PBXResourcesBuildPhase;
			buildActionMask = 2147483647;
			files = (
			);
			runOnlyForDeploymentPostprocessing = 0;
		};
		18C6E4F928EEA6FB002B7100 /* Resources */ = {
			isa = PBXResourcesBuildPhase;
			buildActionMask = 2147483647;
			files = (
			);
			runOnlyForDeploymentPostprocessing = 0;
		};
/* End PBXResourcesBuildPhase section */

/* Begin PBXSourcesBuildPhase section */
		18C6E4D728EEA6F8002B7100 /* Sources */ = {
			isa = PBXSourcesBuildPhase;
			buildActionMask = 2147483647;
			files = (
				18C6E4E328EEA6F8002B7100 /* ViewController.swift in Sources */,
				18C6E4DF28EEA6F8002B7100 /* AppDelegate.swift in Sources */,
				18C6E4E128EEA6F8002B7100 /* SceneDelegate.swift in Sources */,
			);
			runOnlyForDeploymentPostprocessing = 0;
		};
		18C6E4ED28EEA6FB002B7100 /* Sources */ = {
			isa = PBXSourcesBuildPhase;
			buildActionMask = 2147483647;
			files = (
				18C6E4F628EEA6FB002B7100 /* basicCalculatorTests.swift in Sources */,
			);
			runOnlyForDeploymentPostprocessing = 0;
		};
		18C6E4F728EEA6FB002B7100 /* Sources */ = {
			isa = PBXSourcesBuildPhase;
			buildActionMask = 2147483647;
			files = (
				18C6E50028EEA6FB002B7100 /* basicCalculatorUITests.swift in Sources */,
				18C6E50228EEA6FB002B7100 /* basicCalculatorUITestsLaunchTests.swift in Sources */,
			);
			runOnlyForDeploymentPostprocessing = 0;
		};
/* End PBXSourcesBuildPhase section */

/* Begin PBXTargetDependency section */
		18C6E4F328EEA6FB002B7100 /* PBXTargetDependency */ = {
			isa = PBXTargetDependency;
			target = 18C6E4DA28EEA6F8002B7100 /* basicCalculator */;
			targetProxy = 18C6E4F228EEA6FB002B7100 /* PBXContainerItemProxy */;
		};
		18C6E4FD28EEA6FB002B7100 /* PBXTargetDependency */ = {
			isa = PBXTargetDependency;
			target = 18C6E4DA28EEA6F8002B7100 /* basicCalculator */;
			targetProxy = 18C6E4FC28EEA6FB002B7100 /* PBXContainerItemProxy */;
		};
/* End PBXTargetDependency section */

/* Begin PBXVariantGroup section */
		18C6E4E428EEA6F8002B7100 /* Main.storyboard */ = {
			isa = PBXVariantGroup;
			children = (
				18C6E4E528EEA6F8002B7100 /* Base */,
			);
			name = Main.storyboard;
			sourceTree = "<group>";
		};
		18C6E4E928EEA6FA002B7100 /* LaunchScreen.storyboard */ = {
			isa = PBXVariantGroup;
			children = (
				18C6E4EA28EEA6FA002B7100 /* Base */,
			);
			name = LaunchScreen.storyboard;
			sourceTree = "<group>";
		};
/* End PBXVariantGroup section */

/* Begin XCBuildConfiguration section */
		18C6E50328EEA6FB002B7100 /* Debug */ = {
			isa = XCBuildConfiguration;
			buildSettings = {
				ALWAYS_SEARCH_USER_PATHS = NO;
				CLANG_ANALYZER_NONNULL = YES;
				CLANG_ANALYZER_NUMBER_OBJECT_CONVERSION = YES_AGGRESSIVE;
				CLANG_CXX_LANGUAGE_STANDARD = "gnu++20";
				CLANG_ENABLE_MODULES = YES;
				CLANG_ENABLE_OBJC_ARC = YES;
				CLANG_ENABLE_OBJC_WEAK = YES;
				CLANG_WARN_BLOCK_CAPTURE_AUTORELEASING = YES;
				CLANG_WARN_BOOL_CONVERSION = YES;
				CLANG_WARN_COMMA = YES;
				CLANG_WARN_CONSTANT_CONVERSION = YES;
				CLANG_WARN_DEPRECATED_OBJC_IMPLEMENTATIONS = YES;
				CLANG_WARN_DIRECT_OBJC_ISA_USAGE = YES_ERROR;
				CLANG_WARN_DOCUMENTATION_COMMENTS = YES;
				CLANG_WARN_EMPTY_BODY = YES;
				CLANG_WARN_ENUM_CONVERSION = YES;
				CLANG_WARN_INFINITE_RECURSION = YES;
				CLANG_WARN_INT_CONVERSION = YES;
				CLANG_WARN_NON_LITERAL_NULL_CONVERSION = YES;
				CLANG_WARN_OBJC_IMPLICIT_RETAIN_SELF = YES;
				CLANG_WARN_OBJC_LITERAL_CONVERSION = YES;
				CLANG_WARN_OBJC_ROOT_CLASS = YES_ERROR;
				CLANG_WARN_QUOTED_INCLUDE_IN_FRAMEWORK_HEADER = YES;
				CLANG_WARN_RANGE_LOOP_ANALYSIS = YES;
				CLANG_WARN_STRICT_PROTOTYPES = YES;
				CLANG_WARN_SUSPICIOUS_MOVE = YES;
				CLANG_WARN_UNGUARDED_AVAILABILITY = YES_AGGRESSIVE;
				CLANG_WARN_UNREACHABLE_CODE = YES;
				CLANG_WARN__DUPLICATE_METHOD_MATCH = YES;
				COPY_PHASE_STRIP = NO;
				DEBUG_INFORMATION_FORMAT = dwarf;
				ENABLE_STRICT_OBJC_MSGSEND = YES;
				ENABLE_TESTABILITY = YES;
				GCC_C_LANGUAGE_STANDARD = gnu11;
				GCC_DYNAMIC_NO_PIC = NO;
				GCC_NO_COMMON_BLOCKS = YES;
				GCC_OPTIMIZATION_LEVEL = 0;
				GCC_PREPROCESSOR_DEFINITIONS = (
					"DEBUG=1",
					"$(inherited)",
				);
				GCC_WARN_64_TO_32_BIT_CONVERSION = YES;
				GCC_WARN_ABOUT_RETURN_TYPE = YES_ERROR;
				GCC_WARN_UNDECLARED_SELECTOR = YES;
				GCC_WARN_UNINITIALIZED_AUTOS = YES_AGGRESSIVE;
				GCC_WARN_UNUSED_FUNCTION = YES;
				GCC_WARN_UNUSED_VARIABLE = YES;
				IPHONEOS_DEPLOYMENT_TARGET = 16.0;
				MTL_ENABLE_DEBUG_INFO = INCLUDE_SOURCE;
				MTL_FAST_MATH = YES;
				ONLY_ACTIVE_ARCH = YES;
				SDKROOT = iphoneos;
				SWIFT_ACTIVE_COMPILATION_CONDITIONS = DEBUG;
				SWIFT_OPTIMIZATION_LEVEL = "-Onone";
			};
			name = Debug;
		};
		18C6E50428EEA6FB002B7100 /* Release */ = {
			isa = XCBuildConfiguration;
			buildSettings = {
				ALWAYS_SEARCH_USER_PATHS = NO;
				CLANG_ANALYZER_NONNULL = YES;
				CLANG_ANALYZER_NUMBER_OBJECT_CONVERSION = YES_AGGRESSIVE;
				CLANG_CXX_LANGUAGE_STANDARD = "gnu++20";
				CLANG_ENABLE_MODULES = YES;
				CLANG_ENABLE_OBJC_ARC = YES;
				CLANG_ENABLE_OBJC_WEAK = YES;
				CLANG_WARN_BLOCK_CAPTURE_AUTORELEASING = YES;
				CLANG_WARN_BOOL_CONVERSION = YES;
				CLANG_WARN_COMMA = YES;
				CLANG_WARN_CONSTANT_CONVERSION = YES;
				CLANG_WARN_DEPRECATED_OBJC_IMPLEMENTATIONS = YES;
				CLANG_WARN_DIRECT_OBJC_ISA_USAGE = YES_ERROR;
				CLANG_WARN_DOCUMENTATION_COMMENTS = YES;
				CLANG_WARN_EMPTY_BODY = YES;
				CLANG_WARN_ENUM_CONVERSION = YES;
				CLANG_WARN_INFINITE_RECURSION = YES;
				CLANG_WARN_INT_CONVERSION = YES;
				CLANG_WARN_NON_LITERAL_NULL_CONVERSION = YES;
				CLANG_WARN_OBJC_IMPLICIT_RETAIN_SELF = YES;
				CLANG_WARN_OBJC_LITERAL_CONVERSION = YES;
				CLANG_WARN_OBJC_ROOT_CLASS = YES_ERROR;
				CLANG_WARN_QUOTED_INCLUDE_IN_FRAMEWORK_HEADER = YES;
				CLANG_WARN_RANGE_LOOP_ANALYSIS = YES;
				CLANG_WARN_STRICT_PROTOTYPES = YES;
				CLANG_WARN_SUSPICIOUS_MOVE = YES;
				CLANG_WARN_UNGUARDED_AVAILABILITY = YES_AGGRESSIVE;
				CLANG_WARN_UNREACHABLE_CODE = YES;
				CLANG_WARN__DUPLICATE_METHOD_MATCH = YES;
				COPY_PHASE_STRIP = NO;
				DEBUG_INFORMATION_FORMAT = "dwarf-with-dsym";
				ENABLE_NS_ASSERTIONS = NO;
				ENABLE_STRICT_OBJC_MSGSEND = YES;
				GCC_C_LANGUAGE_STANDARD = gnu11;
				GCC_NO_COMMON_BLOCKS = YES;
				GCC_WARN_64_TO_32_BIT_CONVERSION = YES;
				GCC_WARN_ABOUT_RETURN_TYPE = YES_ERROR;
				GCC_WARN_UNDECLARED_SELECTOR = YES;
				GCC_WARN_UNINITIALIZED_AUTOS = YES_AGGRESSIVE;
				GCC_WARN_UNUSED_FUNCTION = YES;
				GCC_WARN_UNUSED_VARIABLE = YES;
				IPHONEOS_DEPLOYMENT_TARGET = 16.0;
				MTL_ENABLE_DEBUG_INFO = NO;
				MTL_FAST_MATH = YES;
				SDKROOT = iphoneos;
				SWIFT_COMPILATION_MODE = wholemodule;
				SWIFT_OPTIMIZATION_LEVEL = "-O";
				VALIDATE_PRODUCT = YES;
			};
			name = Release;
		};
		18C6E50628EEA6FB002B7100 /* Debug */ = {
			isa = XCBuildConfiguration;
			buildSettings = {
				ASSETCATALOG_COMPILER_APPICON_NAME = AppIcon;
				ASSETCATALOG_COMPILER_GLOBAL_ACCENT_COLOR_NAME = AccentColor;
				CODE_SIGN_STYLE = Automatic;
				CURRENT_PROJECT_VERSION = 1;
				GENERATE_INFOPLIST_FILE = YES;
				INFOPLIST_FILE = basicCalculator/Info.plist;
				INFOPLIST_KEY_UIApplicationSupportsIndirectInputEvents = YES;
				INFOPLIST_KEY_UILaunchStoryboardName = LaunchScreen;
				INFOPLIST_KEY_UIMainStoryboardFile = Main;
				INFOPLIST_KEY_UISupportedInterfaceOrientations_iPad = "UIInterfaceOrientationPortrait UIInterfaceOrientationPortraitUpsideDown UIInterfaceOrientationLandscapeLeft UIInterfaceOrientationLandscapeRight";
				INFOPLIST_KEY_UISupportedInterfaceOrientations_iPhone = "UIInterfaceOrientationPortrait UIInterfaceOrientationLandscapeLeft UIInterfaceOrientationLandscapeRight";
				LD_RUNPATH_SEARCH_PATHS = (
					"$(inherited)",
					"@executable_path/Frameworks",
				);
				MARKETING_VERSION = 1.0;
				PRODUCT_BUNDLE_IDENTIFIER = iOS.basicCalculator;
				PRODUCT_NAME = "$(TARGET_NAME)";
				SWIFT_EMIT_LOC_STRINGS = YES;
				SWIFT_VERSION = 5.0;
				TARGETED_DEVICE_FAMILY = "1,2";
			};
			name = Debug;
		};
		18C6E50728EEA6FB002B7100 /* Release */ = {
			isa = XCBuildConfiguration;
			buildSettings = {
				ASSETCATALOG_COMPILER_APPICON_NAME = AppIcon;
				ASSETCATALOG_COMPILER_GLOBAL_ACCENT_COLOR_NAME = AccentColor;
				CODE_SIGN_STYLE = Automatic;
				CURRENT_PROJECT_VERSION = 1;
				GENERATE_INFOPLIST_FILE = YES;
				INFOPLIST_FILE = basicCalculator/Info.plist;
				INFOPLIST_KEY_UIApplicationSupportsIndirectInputEvents = YES;
				INFOPLIST_KEY_UILaunchStoryboardName = LaunchScreen;
				INFOPLIST_KEY_UIMainStoryboardFile = Main;
				INFOPLIST_KEY_UISupportedInterfaceOrientations_iPad = "UIInterfaceOrientationPortrait UIInterfaceOrientationPortraitUpsideDown UIInterfaceOrientationLandscapeLeft UIInterfaceOrientationLandscapeRight";
				INFOPLIST_KEY_UISupportedInterfaceOrientations_iPhone = "UIInterfaceOrientationPortrait UIInterfaceOrientationLandscapeLeft UIInterfaceOrientationLandscapeRight";
				LD_RUNPATH_SEARCH_PATHS = (
					"$(inherited)",
					"@executable_path/Frameworks",
				);
				MARKETING_VERSION = 1.0;
				PRODUCT_BUNDLE_IDENTIFIER = iOS.basicCalculator;
				PRODUCT_NAME = "$(TARGET_NAME)";
				SWIFT_EMIT_LOC_STRINGS = YES;
				SWIFT_VERSION = 5.0;
				TARGETED_DEVICE_FAMILY = "1,2";
			};
			name = Release;
		};
		18C6E50928EEA6FB002B7100 /* Debug */ = {
			isa = XCBuildConfiguration;
			buildSettings = {
				ALWAYS_EMBED_SWIFT_STANDARD_LIBRARIES = YES;
				BUNDLE_LOADER = "$(TEST_HOST)";
				CODE_SIGN_STYLE = Automatic;
				CURRENT_PROJECT_VERSION = 1;
				GENERATE_INFOPLIST_FILE = YES;
				IPHONEOS_DEPLOYMENT_TARGET = 16.0;
				MARKETING_VERSION = 1.0;
				PRODUCT_BUNDLE_IDENTIFIER = iOS.basicCalculatorTests;
				PRODUCT_NAME = "$(TARGET_NAME)";
				SWIFT_EMIT_LOC_STRINGS = NO;
				SWIFT_VERSION = 5.0;
				TARGETED_DEVICE_FAMILY = "1,2";
				TEST_HOST = "$(BUILT_PRODUCTS_DIR)/basicCalculator.app/$(BUNDLE_EXECUTABLE_FOLDER_PATH)/basicCalculator";
			};
			name = Debug;
		};
		18C6E50A28EEA6FB002B7100 /* Release */ = {
			isa = XCBuildConfiguration;
			buildSettings = {
				ALWAYS_EMBED_SWIFT_STANDARD_LIBRARIES = YES;
				BUNDLE_LOADER = "$(TEST_HOST)";
				CODE_SIGN_STYLE = Automatic;
				CURRENT_PROJECT_VERSION = 1;
				GENERATE_INFOPLIST_FILE = YES;
				IPHONEOS_DEPLOYMENT_TARGET = 16.0;
				MARKETING_VERSION = 1.0;
				PRODUCT_BUNDLE_IDENTIFIER = iOS.basicCalculatorTests;
				PRODUCT_NAME = "$(TARGET_NAME)";
				SWIFT_EMIT_LOC_STRINGS = NO;
				SWIFT_VERSION = 5.0;
				TARGETED_DEVICE_FAMILY = "1,2";
				TEST_HOST = "$(BUILT_PRODUCTS_DIR)/basicCalculator.app/$(BUNDLE_EXECUTABLE_FOLDER_PATH)/basicCalculator";
			};
			name = Release;
		};
		18C6E50C28EEA6FB002B7100 /* Debug */ = {
			isa = XCBuildConfiguration;
			buildSettings = {
				ALWAYS_EMBED_SWIFT_STANDARD_LIBRARIES = YES;
				CODE_SIGN_STYLE = Automatic;
				CURRENT_PROJECT_VERSION = 1;
				GENERATE_INFOPLIST_FILE = YES;
				MARKETING_VERSION = 1.0;
				PRODUCT_BUNDLE_IDENTIFIER = iOS.basicCalculatorUITests;
				PRODUCT_NAME = "$(TARGET_NAME)";
				SWIFT_EMIT_LOC_STRINGS = NO;
				SWIFT_VERSION = 5.0;
				TARGETED_DEVICE_FAMILY = "1,2";
				TEST_TARGET_NAME = basicCalculator;
			};
			name = Debug;
		};
		18C6E50D28EEA6FB002B7100 /* Release */ = {
			isa = XCBuildConfiguration;
			buildSettings = {
				ALWAYS_EMBED_SWIFT_STANDARD_LIBRARIES = YES;
				CODE_SIGN_STYLE = Automatic;
				CURRENT_PROJECT_VERSION = 1;
				GENERATE_INFOPLIST_FILE = YES;
				MARKETING_VERSION = 1.0;
				PRODUCT_BUNDLE_IDENTIFIER = iOS.basicCalculatorUITests;
				PRODUCT_NAME = "$(TARGET_NAME)";
				SWIFT_EMIT_LOC_STRINGS = NO;
				SWIFT_VERSION = 5.0;
				TARGETED_DEVICE_FAMILY = "1,2";
				TEST_TARGET_NAME = basicCalculator;
			};
			name = Release;
		};
/* End XCBuildConfiguration section */

/* Begin XCConfigurationList section */
		18C6E4D628EEA6F8002B7100 /* Build configuration list for PBXProject "basicCalculator" */ = {
			isa = XCConfigurationList;
			buildConfigurations = (
				18C6E50328EEA6FB002B7100 /* Debug */,
				18C6E50428EEA6FB002B7100 /* Release */,
			);
			defaultConfigurationIsVisible = 0;
			defaultConfigurationName = Release;
		};
		18C6E50528EEA6FB002B7100 /* Build configuration list for PBXNativeTarget "basicCalculator" */ = {
			isa = XCConfigurationList;
			buildConfigurations = (
				18C6E50628EEA6FB002B7100 /* Debug */,
				18C6E50728EEA6FB002B7100 /* Release */,
			);
			defaultConfigurationIsVisible = 0;
			defaultConfigurationName = Release;
		};
		18C6E50828EEA6FB002B7100 /* Build configuration list for PBXNativeTarget "basicCalculatorTests" */ = {
			isa = XCConfigurationList;
			buildConfigurations = (
				18C6E50928EEA6FB002B7100 /* Debug */,
				18C6E50A28EEA6FB002B7100 /* Release */,
			);
			defaultConfigurationIsVisible = 0;
			defaultConfigurationName = Release;
		};
		18C6E50B28EEA6FB002B7100 /* Build configuration list for PBXNativeTarget "basicCalculatorUITests" */ = {
			isa = XCConfigurationList;
			buildConfigurations = (
				18C6E50C28EEA6FB002B7100 /* Debug */,
				18C6E50D28EEA6FB002B7100 /* Release */,
			);
			defaultConfigurationIsVisible = 0;
			defaultConfigurationName = Release;
		};
/* End XCConfigurationList section */
	};
	rootObject = 18C6E4D328EEA6F8002B7100 /* Project object */;
}
